// !$*UTF8*$!
{
	archiveVersion = 1;
	classes = {
	};
	objectVersion = 55;
	objects = {

/* Begin PBXBuildFile section */
		049D5F71283C772E00D55D2B /* Profile.swift in Sources */ = {isa = PBXBuildFile; fileRef = 049D5F70283C772E00D55D2B /* Profile.swift */; };
		04C1D3BE283C676F003B7FCD /* SlideBanner.swift in Sources */ = {isa = PBXBuildFile; fileRef = 04C1D3BD283C676F003B7FCD /* SlideBanner.swift */; };
		04E4A05A283F43B700B628AC /* Home.swift in Sources */ = {isa = PBXBuildFile; fileRef = 04E4A059283F43B700B628AC /* Home.swift */; };
		04E69146283FCDCB0087500D /* agentData.json in Resources */ = {isa = PBXBuildFile; fileRef = 04E69145283FCDCB0087500D /* agentData.json */; };
		04E69148283FCDEF0087500D /* Agent.swift in Sources */ = {isa = PBXBuildFile; fileRef = 04E69147283FCDEF0087500D /* Agent.swift */; };
		04E6914A283FD0D30087500D /* AgentData.swift in Sources */ = {isa = PBXBuildFile; fileRef = 04E69149283FD0D30087500D /* AgentData.swift */; };
		04E6914F283FD6AC0087500D /* AgentRow.swift in Sources */ = {isa = PBXBuildFile; fileRef = 04E6914E283FD6AC0087500D /* AgentRow.swift */; };
		04E69151283FE1690087500D /* AgentList.swift in Sources */ = {isa = PBXBuildFile; fileRef = 04E69150283FE1690087500D /* AgentList.swift */; };
		04E69153283FE5000087500D /* AgentDetail.swift in Sources */ = {isa = PBXBuildFile; fileRef = 04E69152283FE5000087500D /* AgentDetail.swift */; };
		04F27201283BA6F200676C56 /* ALP_0706012010007App.swift in Sources */ = {isa = PBXBuildFile; fileRef = 04F27200283BA6F200676C56 /* ALP_0706012010007App.swift */; };
		04F27203283BA6F200676C56 /* ContentView.swift in Sources */ = {isa = PBXBuildFile; fileRef = 04F27202283BA6F200676C56 /* ContentView.swift */; };
		04F27205283BA6F600676C56 /* Assets.xcassets in Resources */ = {isa = PBXBuildFile; fileRef = 04F27204283BA6F600676C56 /* Assets.xcassets */; };
		04F27208283BA6F600676C56 /* Preview Assets.xcassets in Resources */ = {isa = PBXBuildFile; fileRef = 04F27207283BA6F600676C56 /* Preview Assets.xcassets */; };
		04F27212283BA6F600676C56 /* ALP_0706012010007Tests.swift in Sources */ = {isa = PBXBuildFile; fileRef = 04F27211283BA6F600676C56 /* ALP_0706012010007Tests.swift */; };
		04F2721C283BA6F600676C56 /* ALP_0706012010007UITests.swift in Sources */ = {isa = PBXBuildFile; fileRef = 04F2721B283BA6F600676C56 /* ALP_0706012010007UITests.swift */; };
		04F2721E283BA6F600676C56 /* ALP_0706012010007UITestsLaunchTests.swift in Sources */ = {isa = PBXBuildFile; fileRef = 04F2721D283BA6F600676C56 /* ALP_0706012010007UITestsLaunchTests.swift */; };
		04F2722B283BA8C100676C56 /* CircleImage.swift in Sources */ = {isa = PBXBuildFile; fileRef = 04F2722A283BA8C100676C56 /* CircleImage.swift */; };
		04F2722D283BB07B00676C56 /* ProfileBanner.swift in Sources */ = {isa = PBXBuildFile; fileRef = 04F2722C283BB07B00676C56 /* ProfileBanner.swift */; };
/* End PBXBuildFile section */

/* Begin PBXContainerItemProxy section */
		04F2720E283BA6F600676C56 /* PBXContainerItemProxy */ = {
			isa = PBXContainerItemProxy;
			containerPortal = 04F271F5283BA6F200676C56 /* Project object */;
			proxyType = 1;
			remoteGlobalIDString = 04F271FC283BA6F200676C56;
			remoteInfo = ALP_0706012010007;
		};
		04F27218283BA6F600676C56 /* PBXContainerItemProxy */ = {
			isa = PBXContainerItemProxy;
			containerPortal = 04F271F5283BA6F200676C56 /* Project object */;
			proxyType = 1;
			remoteGlobalIDString = 04F271FC283BA6F200676C56;
			remoteInfo = ALP_0706012010007;
		};
/* End PBXContainerItemProxy section */

/* Begin PBXFileReference section */
		049D5F70283C772E00D55D2B /* Profile.swift */ = {isa = PBXFileReference; lastKnownFileType = sourcecode.swift; path = Profile.swift; sourceTree = "<group>"; };
		04C1D3BD283C676F003B7FCD /* SlideBanner.swift */ = {isa = PBXFileReference; lastKnownFileType = sourcecode.swift; path = SlideBanner.swift; sourceTree = "<group>"; };
		04E4A059283F43B700B628AC /* Home.swift */ = {isa = PBXFileReference; lastKnownFileType = sourcecode.swift; path = Home.swift; sourceTree = "<group>"; };
		04E69145283FCDCB0087500D /* agentData.json */ = {isa = PBXFileReference; fileEncoding = 4; lastKnownFileType = text.json; path = agentData.json; sourceTree = "<group>"; };
		04E69147283FCDEF0087500D /* Agent.swift */ = {isa = PBXFileReference; lastKnownFileType = sourcecode.swift; path = Agent.swift; sourceTree = "<group>"; };
		04E69149283FD0D30087500D /* AgentData.swift */ = {isa = PBXFileReference; lastKnownFileType = sourcecode.swift; path = AgentData.swift; sourceTree = "<group>"; };
		04E6914E283FD6AC0087500D /* AgentRow.swift */ = {isa = PBXFileReference; lastKnownFileType = sourcecode.swift; path = AgentRow.swift; sourceTree = "<group>"; };
		04E69150283FE1690087500D /* AgentList.swift */ = {isa = PBXFileReference; lastKnownFileType = sourcecode.swift; path = AgentList.swift; sourceTree = "<group>"; };
		04E69152283FE5000087500D /* AgentDetail.swift */ = {isa = PBXFileReference; lastKnownFileType = sourcecode.swift; path = AgentDetail.swift; sourceTree = "<group>"; };
		04F271FD283BA6F200676C56 /* ALP_0706012010007.app */ = {isa = PBXFileReference; explicitFileType = wrapper.application; includeInIndex = 0; path = ALP_0706012010007.app; sourceTree = BUILT_PRODUCTS_DIR; };
		04F27200283BA6F200676C56 /* ALP_0706012010007App.swift */ = {isa = PBXFileReference; lastKnownFileType = sourcecode.swift; path = ALP_0706012010007App.swift; sourceTree = "<group>"; };
		04F27202283BA6F200676C56 /* ContentView.swift */ = {isa = PBXFileReference; lastKnownFileType = sourcecode.swift; path = ContentView.swift; sourceTree = "<group>"; };
		04F27204283BA6F600676C56 /* Assets.xcassets */ = {isa = PBXFileReference; lastKnownFileType = folder.assetcatalog; path = Assets.xcassets; sourceTree = "<group>"; };
		04F27207283BA6F600676C56 /* Preview Assets.xcassets */ = {isa = PBXFileReference; lastKnownFileType = folder.assetcatalog; path = "Preview Assets.xcassets"; sourceTree = "<group>"; };
		04F2720D283BA6F600676C56 /* ALP_0706012010007Tests.xctest */ = {isa = PBXFileReference; explicitFileType = wrapper.cfbundle; includeInIndex = 0; path = ALP_0706012010007Tests.xctest; sourceTree = BUILT_PRODUCTS_DIR; };
		04F27211283BA6F600676C56 /* ALP_0706012010007Tests.swift */ = {isa = PBXFileReference; lastKnownFileType = sourcecode.swift; path = ALP_0706012010007Tests.swift; sourceTree = "<group>"; };
		04F27217283BA6F600676C56 /* ALP_0706012010007UITests.xctest */ = {isa = PBXFileReference; explicitFileType = wrapper.cfbundle; includeInIndex = 0; path = ALP_0706012010007UITests.xctest; sourceTree = BUILT_PRODUCTS_DIR; };
		04F2721B283BA6F600676C56 /* ALP_0706012010007UITests.swift */ = {isa = PBXFileReference; lastKnownFileType = sourcecode.swift; path = ALP_0706012010007UITests.swift; sourceTree = "<group>"; };
		04F2721D283BA6F600676C56 /* ALP_0706012010007UITestsLaunchTests.swift */ = {isa = PBXFileReference; lastKnownFileType = sourcecode.swift; path = ALP_0706012010007UITestsLaunchTests.swift; sourceTree = "<group>"; };
		04F2722A283BA8C100676C56 /* CircleImage.swift */ = {isa = PBXFileReference; lastKnownFileType = sourcecode.swift; path = CircleImage.swift; sourceTree = "<group>"; };
		04F2722C283BB07B00676C56 /* ProfileBanner.swift */ = {isa = PBXFileReference; lastKnownFileType = sourcecode.swift; path = ProfileBanner.swift; sourceTree = "<group>"; };
/* End PBXFileReference section */

/* Begin PBXFrameworksBuildPhase section */
		04F271FA283BA6F200676C56 /* Frameworks */ = {
			isa = PBXFrameworksBuildPhase;
			buildActionMask = 2147483647;
			files = (
			);
			runOnlyForDeploymentPostprocessing = 0;
		};
		04F2720A283BA6F600676C56 /* Frameworks */ = {
			isa = PBXFrameworksBuildPhase;
			buildActionMask = 2147483647;
			files = (
			);
			runOnlyForDeploymentPostprocessing = 0;
		};
		04F27214283BA6F600676C56 /* Frameworks */ = {
			isa = PBXFrameworksBuildPhase;
			buildActionMask = 2147483647;
			files = (
			);
			runOnlyForDeploymentPostprocessing = 0;
		};
/* End PBXFrameworksBuildPhase section */

/* Begin PBXGroup section */
		04E6914B283FD6120087500D /* Views */ = {
			isa = PBXGroup;
			children = (
				04E4A059283F43B700B628AC /* Home.swift */,
				049D5F70283C772E00D55D2B /* Profile.swift */,
				04E6914E283FD6AC0087500D /* AgentRow.swift */,
				04E69150283FE1690087500D /* AgentList.swift */,
				04E69152283FE5000087500D /* AgentDetail.swift */,
				04F2722A283BA8C100676C56 /* CircleImage.swift */,
				04F27202283BA6F200676C56 /* ContentView.swift */,
				04F2722C283BB07B00676C56 /* ProfileBanner.swift */,
				04C1D3BD283C676F003B7FCD /* SlideBanner.swift */,
			);
			path = Views;
			sourceTree = "<group>";
		};
		04E6914C283FD6200087500D /* Model */ = {
			isa = PBXGroup;
			children = (
				04E69149283FD0D30087500D /* AgentData.swift */,
				04E69147283FCDEF0087500D /* Agent.swift */,
			);
			path = Model;
			sourceTree = "<group>";
		};
		04E6914D283FD6290087500D /* Resources */ = {
			isa = PBXGroup;
			children = (
				04E69145283FCDCB0087500D /* agentData.json */,
			);
			path = Resources;
			sourceTree = "<group>";
		};
		04F271F4283BA6F200676C56 = {
			isa = PBXGroup;
			children = (
				04F271FF283BA6F200676C56 /* ALP_0706012010007 */,
				04F27210283BA6F600676C56 /* ALP_0706012010007Tests */,
				04F2721A283BA6F600676C56 /* ALP_0706012010007UITests */,
				04F271FE283BA6F200676C56 /* Products */,
			);
			sourceTree = "<group>";
		};
		04F271FE283BA6F200676C56 /* Products */ = {
			isa = PBXGroup;
			children = (
				04F271FD283BA6F200676C56 /* ALP_0706012010007.app */,
				04F2720D283BA6F600676C56 /* ALP_0706012010007Tests.xctest */,
				04F27217283BA6F600676C56 /* ALP_0706012010007UITests.xctest */,
			);
			name = Products;
			sourceTree = "<group>";
		};
		04F271FF283BA6F200676C56 /* ALP_0706012010007 */ = {
			isa = PBXGroup;
			children = (
				04F27200283BA6F200676C56 /* ALP_0706012010007App.swift */,
				04E6914B283FD6120087500D /* Views */,
				04E6914C283FD6200087500D /* Model */,
				04E6914D283FD6290087500D /* Resources */,
				04F27204283BA6F600676C56 /* Assets.xcassets */,
				04F27206283BA6F600676C56 /* Preview Content */,
			);
			path = ALP_0706012010007;
			sourceTree = "<group>";
		};
		04F27206283BA6F600676C56 /* Preview Content */ = {
			isa = PBXGroup;
			children = (
				04F27207283BA6F600676C56 /* Preview Assets.xcassets */,
			);
			path = "Preview Content";
			sourceTree = "<group>";
		};
		04F27210283BA6F600676C56 /* ALP_0706012010007Tests */ = {
			isa = PBXGroup;
			children = (
				04F27211283BA6F600676C56 /* ALP_0706012010007Tests.swift */,
			);
			path = ALP_0706012010007Tests;
			sourceTree = "<group>";
		};
		04F2721A283BA6F600676C56 /* ALP_0706012010007UITests */ = {
			isa = PBXGroup;
			children = (
				04F2721B283BA6F600676C56 /* ALP_0706012010007UITests.swift */,
				04F2721D283BA6F600676C56 /* ALP_0706012010007UITestsLaunchTests.swift */,
			);
			path = ALP_0706012010007UITests;
			sourceTree = "<group>";
		};
/* End PBXGroup section */

/* Begin PBXNativeTarget section */
		04F271FC283BA6F200676C56 /* ALP_0706012010007 */ = {
			isa = PBXNativeTarget;
			buildConfigurationList = 04F27221283BA6F600676C56 /* Build configuration list for PBXNativeTarget "ALP_0706012010007" */;
			buildPhases = (
				04F271F9283BA6F200676C56 /* Sources */,
				04F271FA283BA6F200676C56 /* Frameworks */,
				04F271FB283BA6F200676C56 /* Resources */,
			);
			buildRules = (
			);
			dependencies = (
			);
			name = ALP_0706012010007;
			productName = ALP_0706012010007;
			productReference = 04F271FD283BA6F200676C56 /* ALP_0706012010007.app */;
			productType = "com.apple.product-type.application";
		};
		04F2720C283BA6F600676C56 /* ALP_0706012010007Tests */ = {
			isa = PBXNativeTarget;
			buildConfigurationList = 04F27224283BA6F600676C56 /* Build configuration list for PBXNativeTarget "ALP_0706012010007Tests" */;
			buildPhases = (
				04F27209283BA6F600676C56 /* Sources */,
				04F2720A283BA6F600676C56 /* Frameworks */,
				04F2720B283BA6F600676C56 /* Resources */,
			);
			buildRules = (
			);
			dependencies = (
				04F2720F283BA6F600676C56 /* PBXTargetDependency */,
			);
			name = ALP_0706012010007Tests;
			productName = ALP_0706012010007Tests;
			productReference = 04F2720D283BA6F600676C56 /* ALP_0706012010007Tests.xctest */;
			productType = "com.apple.product-type.bundle.unit-test";
		};
		04F27216283BA6F600676C56 /* ALP_0706012010007UITests */ = {
			isa = PBXNativeTarget;
			buildConfigurationList = 04F27227283BA6F600676C56 /* Build configuration list for PBXNativeTarget "ALP_0706012010007UITests" */;
			buildPhases = (
				04F27213283BA6F600676C56 /* Sources */,
				04F27214283BA6F600676C56 /* Frameworks */,
				04F27215283BA6F600676C56 /* Resources */,
			);
			buildRules = (
			);
			dependencies = (
				04F27219283BA6F600676C56 /* PBXTargetDependency */,
			);
			name = ALP_0706012010007UITests;
			productName = ALP_0706012010007UITests;
			productReference = 04F27217283BA6F600676C56 /* ALP_0706012010007UITests.xctest */;
			productType = "com.apple.product-type.bundle.ui-testing";
		};
/* End PBXNativeTarget section */

/* Begin PBXProject section */
		04F271F5283BA6F200676C56 /* Project object */ = {
			isa = PBXProject;
			attributes = {
				BuildIndependentTargetsInParallel = 1;
				LastSwiftUpdateCheck = 1330;
				LastUpgradeCheck = 1330;
				TargetAttributes = {
					04F271FC283BA6F200676C56 = {
						CreatedOnToolsVersion = 13.3;
					};
					04F2720C283BA6F600676C56 = {
						CreatedOnToolsVersion = 13.3;
						TestTargetID = 04F271FC283BA6F200676C56;
					};
					04F27216283BA6F600676C56 = {
						CreatedOnToolsVersion = 13.3;
						TestTargetID = 04F271FC283BA6F200676C56;
					};
				};
			};
			buildConfigurationList = 04F271F8283BA6F200676C56 /* Build configuration list for PBXProject "ALP_0706012010007" */;
			compatibilityVersion = "Xcode 13.0";
			developmentRegion = en;
			hasScannedForEncodings = 0;
			knownRegions = (
				en,
				Base,
			);
			mainGroup = 04F271F4283BA6F200676C56;
			productRefGroup = 04F271FE283BA6F200676C56 /* Products */;
			projectDirPath = "";
			projectRoot = "";
			targets = (
				04F271FC283BA6F200676C56 /* ALP_0706012010007 */,
				04F2720C283BA6F600676C56 /* ALP_0706012010007Tests */,
				04F27216283BA6F600676C56 /* ALP_0706012010007UITests */,
			);
		};
/* End PBXProject section */

/* Begin PBXResourcesBuildPhase section */
		04F271FB283BA6F200676C56 /* Resources */ = {
			isa = PBXResourcesBuildPhase;
			buildActionMask = 2147483647;
			files = (
				04F27208283BA6F600676C56 /* Preview Assets.xcassets in Resources */,
				04E69146283FCDCB0087500D /* agentData.json in Resources */,
				04F27205283BA6F600676C56 /* Assets.xcassets in Resources */,
			);
			runOnlyForDeploymentPostprocessing = 0;
		};
		04F2720B283BA6F600676C56 /* Resources */ = {
			isa = PBXResourcesBuildPhase;
			buildActionMask = 2147483647;
			files = (
			);
			runOnlyForDeploymentPostprocessing = 0;
		};
		04F27215283BA6F600676C56 /* Resources */ = {
			isa = PBXResourcesBuildPhase;
			buildActionMask = 2147483647;
			files = (
			);
			runOnlyForDeploymentPostprocessing = 0;
		};
/* End PBXResourcesBuildPhase section */

/* Begin PBXSourcesBuildPhase section */
		04F271F9283BA6F200676C56 /* Sources */ = {
			isa = PBXSourcesBuildPhase;
			buildActionMask = 2147483647;
			files = (
				04C1D3BE283C676F003B7FCD /* SlideBanner.swift in Sources */,
				049D5F71283C772E00D55D2B /* Profile.swift in Sources */,
				04F27203283BA6F200676C56 /* ContentView.swift in Sources */,
				04F2722D283BB07B00676C56 /* ProfileBanner.swift in Sources */,
				04E69151283FE1690087500D /* AgentList.swift in Sources */,
				04E6914F283FD6AC0087500D /* AgentRow.swift in Sources */,
				04E69153283FE5000087500D /* AgentDetail.swift in Sources */,
				04F27201283BA6F200676C56 /* ALP_0706012010007App.swift in Sources */,
				04E69148283FCDEF0087500D /* Agent.swift in Sources */,
				04F2722B283BA8C100676C56 /* CircleImage.swift in Sources */,
				04E6914A283FD0D30087500D /* AgentData.swift in Sources */,
				04E4A05A283F43B700B628AC /* Home.swift in Sources */,
			);
			runOnlyForDeploymentPostprocessing = 0;
		};
		04F27209283BA6F600676C56 /* Sources */ = {
			isa = PBXSourcesBuildPhase;
			buildActionMask = 2147483647;
			files = (
				04F27212283BA6F600676C56 /* ALP_0706012010007Tests.swift in Sources */,
			);
			runOnlyForDeploymentPostprocessing = 0;
		};
		04F27213283BA6F600676C56 /* Sources */ = {
			isa = PBXSourcesBuildPhase;
			buildActionMask = 2147483647;
			files = (
				04F2721C283BA6F600676C56 /* ALP_0706012010007UITests.swift in Sources */,
				04F2721E283BA6F600676C56 /* ALP_0706012010007UITestsLaunchTests.swift in Sources */,
			);
			runOnlyForDeploymentPostprocessing = 0;
		};
/* End PBXSourcesBuildPhase section */

/* Begin PBXTargetDependency section */
		04F2720F283BA6F600676C56 /* PBXTargetDependency */ = {
			isa = PBXTargetDependency;
			target = 04F271FC283BA6F200676C56 /* ALP_0706012010007 */;
			targetProxy = 04F2720E283BA6F600676C56 /* PBXContainerItemProxy */;
		};
		04F27219283BA6F600676C56 /* PBXTargetDependency */ = {
			isa = PBXTargetDependency;
			target = 04F271FC283BA6F200676C56 /* ALP_0706012010007 */;
			targetProxy = 04F27218283BA6F600676C56 /* PBXContainerItemProxy */;
		};
/* End PBXTargetDependency section */

/* Begin XCBuildConfiguration section */
		04F2721F283BA6F600676C56 /* Debug */ = {
			isa = XCBuildConfiguration;
			buildSettings = {
				ALWAYS_SEARCH_USER_PATHS = NO;
				CLANG_ANALYZER_NONNULL = YES;
				CLANG_ANALYZER_NUMBER_OBJECT_CONVERSION = YES_AGGRESSIVE;
				CLANG_CXX_LANGUAGE_STANDARD = "gnu++17";
				CLANG_ENABLE_MODULES = YES;
				CLANG_ENABLE_OBJC_ARC = YES;
				CLANG_ENABLE_OBJC_WEAK = YES;
				CLANG_WARN_BLOCK_CAPTURE_AUTORELEASING = YES;
				CLANG_WARN_BOOL_CONVERSION = YES;
				CLANG_WARN_COMMA = YES;
				CLANG_WARN_CONSTANT_CONVERSION = YES;
				CLANG_WARN_DEPRECATED_OBJC_IMPLEMENTATIONS = YES;
				CLANG_WARN_DIRECT_OBJC_ISA_USAGE = YES_ERROR;
				CLANG_WARN_DOCUMENTATION_COMMENTS = YES;
				CLANG_WARN_EMPTY_BODY = YES;
				CLANG_WARN_ENUM_CONVERSION = YES;
				CLANG_WARN_INFINITE_RECURSION = YES;
				CLANG_WARN_INT_CONVERSION = YES;
				CLANG_WARN_NON_LITERAL_NULL_CONVERSION = YES;
				CLANG_WARN_OBJC_IMPLICIT_RETAIN_SELF = YES;
				CLANG_WARN_OBJC_LITERAL_CONVERSION = YES;
				CLANG_WARN_OBJC_ROOT_CLASS = YES_ERROR;
				CLANG_WARN_QUOTED_INCLUDE_IN_FRAMEWORK_HEADER = YES;
				CLANG_WARN_RANGE_LOOP_ANALYSIS = YES;
				CLANG_WARN_STRICT_PROTOTYPES = YES;
				CLANG_WARN_SUSPICIOUS_MOVE = YES;
				CLANG_WARN_UNGUARDED_AVAILABILITY = YES_AGGRESSIVE;
				CLANG_WARN_UNREACHABLE_CODE = YES;
				CLANG_WARN__DUPLICATE_METHOD_MATCH = YES;
				COPY_PHASE_STRIP = NO;
				DEBUG_INFORMATION_FORMAT = dwarf;
				ENABLE_STRICT_OBJC_MSGSEND = YES;
				ENABLE_TESTABILITY = YES;
				GCC_C_LANGUAGE_STANDARD = gnu11;
				GCC_DYNAMIC_NO_PIC = NO;
				GCC_NO_COMMON_BLOCKS = YES;
				GCC_OPTIMIZATION_LEVEL = 0;
				GCC_PREPROCESSOR_DEFINITIONS = (
					"DEBUG=1",
					"$(inherited)",
				);
				GCC_WARN_64_TO_32_BIT_CONVERSION = YES;
				GCC_WARN_ABOUT_RETURN_TYPE = YES_ERROR;
				GCC_WARN_UNDECLARED_SELECTOR = YES;
				GCC_WARN_UNINITIALIZED_AUTOS = YES_AGGRESSIVE;
				GCC_WARN_UNUSED_FUNCTION = YES;
				GCC_WARN_UNUSED_VARIABLE = YES;
				IPHONEOS_DEPLOYMENT_TARGET = 15.4;
				MTL_ENABLE_DEBUG_INFO = INCLUDE_SOURCE;
				MTL_FAST_MATH = YES;
				ONLY_ACTIVE_ARCH = YES;
				SDKROOT = iphoneos;
				SWIFT_ACTIVE_COMPILATION_CONDITIONS = DEBUG;
				SWIFT_OPTIMIZATION_LEVEL = "-Onone";
			};
			name = Debug;
		};
		04F27220283BA6F600676C56 /* Release */ = {
			isa = XCBuildConfiguration;
			buildSettings = {
				ALWAYS_SEARCH_USER_PATHS = NO;
				CLANG_ANALYZER_NONNULL = YES;
				CLANG_ANALYZER_NUMBER_OBJECT_CONVERSION = YES_AGGRESSIVE;
				CLANG_CXX_LANGUAGE_STANDARD = "gnu++17";
				CLANG_ENABLE_MODULES = YES;
				CLANG_ENABLE_OBJC_ARC = YES;
				CLANG_ENABLE_OBJC_WEAK = YES;
				CLANG_WARN_BLOCK_CAPTURE_AUTORELEASING = YES;
				CLANG_WARN_BOOL_CONVERSION = YES;
				CLANG_WARN_COMMA = YES;
				CLANG_WARN_CONSTANT_CONVERSION = YES;
				CLANG_WARN_DEPRECATED_OBJC_IMPLEMENTATIONS = YES;
				CLANG_WARN_DIRECT_OBJC_ISA_USAGE = YES_ERROR;
				CLANG_WARN_DOCUMENTATION_COMMENTS = YES;
				CLANG_WARN_EMPTY_BODY = YES;
				CLANG_WARN_ENUM_CONVERSION = YES;
				CLANG_WARN_INFINITE_RECURSION = YES;
				CLANG_WARN_INT_CONVERSION = YES;
				CLANG_WARN_NON_LITERAL_NULL_CONVERSION = YES;
				CLANG_WARN_OBJC_IMPLICIT_RETAIN_SELF = YES;
				CLANG_WARN_OBJC_LITERAL_CONVERSION = YES;
				CLANG_WARN_OBJC_ROOT_CLASS = YES_ERROR;
				CLANG_WARN_QUOTED_INCLUDE_IN_FRAMEWORK_HEADER = YES;
				CLANG_WARN_RANGE_LOOP_ANALYSIS = YES;
				CLANG_WARN_STRICT_PROTOTYPES = YES;
				CLANG_WARN_SUSPICIOUS_MOVE = YES;
				CLANG_WARN_UNGUARDED_AVAILABILITY = YES_AGGRESSIVE;
				CLANG_WARN_UNREACHABLE_CODE = YES;
				CLANG_WARN__DUPLICATE_METHOD_MATCH = YES;
				COPY_PHASE_STRIP = NO;
				DEBUG_INFORMATION_FORMAT = "dwarf-with-dsym";
				ENABLE_NS_ASSERTIONS = NO;
				ENABLE_STRICT_OBJC_MSGSEND = YES;
				GCC_C_LANGUAGE_STANDARD = gnu11;
				GCC_NO_COMMON_BLOCKS = YES;
				GCC_WARN_64_TO_32_BIT_CONVERSION = YES;
				GCC_WARN_ABOUT_RETURN_TYPE = YES_ERROR;
				GCC_WARN_UNDECLARED_SELECTOR = YES;
				GCC_WARN_UNINITIALIZED_AUTOS = YES_AGGRESSIVE;
				GCC_WARN_UNUSED_FUNCTION = YES;
				GCC_WARN_UNUSED_VARIABLE = YES;
				IPHONEOS_DEPLOYMENT_TARGET = 15.4;
				MTL_ENABLE_DEBUG_INFO = NO;
				MTL_FAST_MATH = YES;
				SDKROOT = iphoneos;
				SWIFT_COMPILATION_MODE = wholemodule;
				SWIFT_OPTIMIZATION_LEVEL = "-O";
				VALIDATE_PRODUCT = YES;
			};
			name = Release;
		};
		04F27222283BA6F600676C56 /* Debug */ = {
			isa = XCBuildConfiguration;
			buildSettings = {
				ASSETCATALOG_COMPILER_APPICON_NAME = AppIcon;
				ASSETCATALOG_COMPILER_GLOBAL_ACCENT_COLOR_NAME = AccentColor;
				CODE_SIGN_STYLE = Automatic;
				CURRENT_PROJECT_VERSION = 1;
				DEVELOPMENT_ASSET_PATHS = "\"ALP_0706012010007/Preview Content\"";
				ENABLE_PREVIEWS = YES;
				GENERATE_INFOPLIST_FILE = YES;
				INFOPLIST_KEY_UIApplicationSceneManifest_Generation = YES;
				INFOPLIST_KEY_UIApplicationSupportsIndirectInputEvents = YES;
				INFOPLIST_KEY_UILaunchScreen_Generation = YES;
				INFOPLIST_KEY_UISupportedInterfaceOrientations_iPad = "UIInterfaceOrientationPortrait UIInterfaceOrientationPortraitUpsideDown UIInterfaceOrientationLandscapeLeft UIInterfaceOrientationLandscapeRight";
				INFOPLIST_KEY_UISupportedInterfaceOrientations_iPhone = "UIInterfaceOrientationPortrait UIInterfaceOrientationLandscapeLeft UIInterfaceOrientationLandscapeRight";
				LD_RUNPATH_SEARCH_PATHS = (
					"$(inherited)",
					"@executable_path/Frameworks",
				);
				MARKETING_VERSION = 1.0;
				PRODUCT_BUNDLE_IDENTIFIER = "Andreas.ALP-0706012010007";
				PRODUCT_NAME = "$(TARGET_NAME)";
				SWIFT_EMIT_LOC_STRINGS = YES;
				SWIFT_VERSION = 5.0;
				TARGETED_DEVICE_FAMILY = "1,2";
			};
			name = Debug;
		};
		04F27223283BA6F600676C56 /* Release */ = {
			isa = XCBuildConfiguration;
			buildSettings = {
				ASSETCATALOG_COMPILER_APPICON_NAME = AppIcon;
				ASSETCATALOG_COMPILER_GLOBAL_ACCENT_COLOR_NAME = AccentColor;
				CODE_SIGN_STYLE = Automatic;
				CURRENT_PROJECT_VERSION = 1;
				DEVELOPMENT_ASSET_PATHS = "\"ALP_0706012010007/Preview Content\"";
				ENABLE_PREVIEWS = YES;
				GENERATE_INFOPLIST_FILE = YES;
				INFOPLIST_KEY_UIApplicationSceneManifest_Generation = YES;
				INFOPLIST_KEY_UIApplicationSupportsIndirectInputEvents = YES;
				INFOPLIST_KEY_UILaunchScreen_Generation = YES;
				INFOPLIST_KEY_UISupportedInterfaceOrientations_iPad = "UIInterfaceOrientationPortrait UIInterfaceOrientationPortraitUpsideDown UIInterfaceOrientationLandscapeLeft UIInterfaceOrientationLandscapeRight";
				INFOPLIST_KEY_UISupportedInterfaceOrientations_iPhone = "UIInterfaceOrientationPortrait UIInterfaceOrientationLandscapeLeft UIInterfaceOrientationLandscapeRight";
				LD_RUNPATH_SEARCH_PATHS = (
					"$(inherited)",
					"@executable_path/Frameworks",
				);
				MARKETING_VERSION = 1.0;
				PRODUCT_BUNDLE_IDENTIFIER = "Andreas.ALP-0706012010007";
				PRODUCT_NAME = "$(TARGET_NAME)";
				SWIFT_EMIT_LOC_STRINGS = YES;
				SWIFT_VERSION = 5.0;
				TARGETED_DEVICE_FAMILY = "1,2";
			};
			name = Release;
		};
		04F27225283BA6F600676C56 /* Debug */ = {
			isa = XCBuildConfiguration;
			buildSettings = {
				ALWAYS_EMBED_SWIFT_STANDARD_LIBRARIES = YES;
				BUNDLE_LOADER = "$(TEST_HOST)";
				CODE_SIGN_STYLE = Automatic;
				CURRENT_PROJECT_VERSION = 1;
				GENERATE_INFOPLIST_FILE = YES;
				IPHONEOS_DEPLOYMENT_TARGET = 15.4;
				MARKETING_VERSION = 1.0;
				PRODUCT_BUNDLE_IDENTIFIER = "Andreas.ALP-0706012010007Tests";
				PRODUCT_NAME = "$(TARGET_NAME)";
				SWIFT_EMIT_LOC_STRINGS = NO;
				SWIFT_VERSION = 5.0;
				TARGETED_DEVICE_FAMILY = "1,2";
				TEST_HOST = "$(BUILT_PRODUCTS_DIR)/ALP_0706012010007.app/ALP_0706012010007";
			};
			name = Debug;
		};
		04F27226283BA6F600676C56 /* Release */ = {
			isa = XCBuildConfiguration;
			buildSettings = {
				ALWAYS_EMBED_SWIFT_STANDARD_LIBRARIES = YES;
				BUNDLE_LOADER = "$(TEST_HOST)";
				CODE_SIGN_STYLE = Automatic;
				CURRENT_PROJECT_VERSION = 1;
				GENERATE_INFOPLIST_FILE = YES;
				IPHONEOS_DEPLOYMENT_TARGET = 15.4;
				MARKETING_VERSION = 1.0;
				PRODUCT_BUNDLE_IDENTIFIER = "Andreas.ALP-0706012010007Tests";
				PRODUCT_NAME = "$(TARGET_NAME)";
				SWIFT_EMIT_LOC_STRINGS = NO;
				SWIFT_VERSION = 5.0;
				TARGETED_DEVICE_FAMILY = "1,2";
				TEST_HOST = "$(BUILT_PRODUCTS_DIR)/ALP_0706012010007.app/ALP_0706012010007";
			};
			name = Release;
		};
		04F27228283BA6F600676C56 /* Debug */ = {
			isa = XCBuildConfiguration;
			buildSettings = {
				ALWAYS_EMBED_SWIFT_STANDARD_LIBRARIES = YES;
				CODE_SIGN_STYLE = Automatic;
				CURRENT_PROJECT_VERSION = 1;
				GENERATE_INFOPLIST_FILE = YES;
				MARKETING_VERSION = 1.0;
				PRODUCT_BUNDLE_IDENTIFIER = "Andreas.ALP-0706012010007UITests";
				PRODUCT_NAME = "$(TARGET_NAME)";
				SWIFT_EMIT_LOC_STRINGS = NO;
				SWIFT_VERSION = 5.0;
				TARGETED_DEVICE_FAMILY = "1,2";
				TEST_TARGET_NAME = ALP_0706012010007;
			};
			name = Debug;
		};
		04F27229283BA6F600676C56 /* Release */ = {
			isa = XCBuildConfiguration;
			buildSettings = {
				ALWAYS_EMBED_SWIFT_STANDARD_LIBRARIES = YES;
				CODE_SIGN_STYLE = Automatic;
				CURRENT_PROJECT_VERSION = 1;
				GENERATE_INFOPLIST_FILE = YES;
				MARKETING_VERSION = 1.0;
				PRODUCT_BUNDLE_IDENTIFIER = "Andreas.ALP-0706012010007UITests";
				PRODUCT_NAME = "$(TARGET_NAME)";
				SWIFT_EMIT_LOC_STRINGS = NO;
				SWIFT_VERSION = 5.0;
				TARGETED_DEVICE_FAMILY = "1,2";
				TEST_TARGET_NAME = ALP_0706012010007;
			};
			name = Release;
		};
/* End XCBuildConfiguration section */

/* Begin XCConfigurationList section */
		04F271F8283BA6F200676C56 /* Build configuration list for PBXProject "ALP_0706012010007" */ = {
			isa = XCConfigurationList;
			buildConfigurations = (
				04F2721F283BA6F600676C56 /* Debug */,
				04F27220283BA6F600676C56 /* Release */,
			);
			defaultConfigurationIsVisible = 0;
			defaultConfigurationName = Release;
		};
		04F27221283BA6F600676C56 /* Build configuration list for PBXNativeTarget "ALP_0706012010007" */ = {
			isa = XCConfigurationList;
			buildConfigurations = (
				04F27222283BA6F600676C56 /* Debug */,
				04F27223283BA6F600676C56 /* Release */,
			);
			defaultConfigurationIsVisible = 0;
			defaultConfigurationName = Release;
		};
		04F27224283BA6F600676C56 /* Build configuration list for PBXNativeTarget "ALP_0706012010007Tests" */ = {
			isa = XCConfigurationList;
			buildConfigurations = (
				04F27225283BA6F600676C56 /* Debug */,
				04F27226283BA6F600676C56 /* Release */,
			);
			defaultConfigurationIsVisible = 0;
			defaultConfigurationName = Release;
		};
		04F27227283BA6F600676C56 /* Build configuration list for PBXNativeTarget "ALP_0706012010007UITests" */ = {
			isa = XCConfigurationList;
			buildConfigurations = (
				04F27228283BA6F600676C56 /* Debug */,
				04F27229283BA6F600676C56 /* Release */,
			);
			defaultConfigurationIsVisible = 0;
			defaultConfigurationName = Release;
		};
/* End XCConfigurationList section */
	};
	rootObject = 04F271F5283BA6F200676C56 /* Project object */;
}
